
Microsoft Visual Studio Solution File, Format Version 12.00
# Visual Studio 14
VisualStudioVersion = 14.0.25123.0
MinimumVisualStudioVersion = 10.0.40219.1
Project("{FAE04EC0-301F-11D3-BF4B-00C04F79EFBC}") = "api", "ServiceStack3x_01\api.csproj", "{30B2A33B-3483-4E4F-8BCF-0B2FA6531F60}"
EndProject
Project("{FAE04EC0-301F-11D3-BF4B-00C04F79EFBC}") = "api.tests", "api.tests\api.tests.csproj", "{A008DA71-1982-49E7-8DE5-F64968E9A62C}"
EndProject
Global
	GlobalSection(SolutionConfigurationPlatforms) = preSolution
		Debug|Any CPU = Debug|Any CPU
		Release|Any CPU = Release|Any CPU
	EndGlobalSection
	GlobalSection(ProjectConfigurationPlatforms) = postSolution
		{30B2A33B-3483-4E4F-8BCF-0B2FA6531F60}.Debug|Any CPU.ActiveCfg = Debug|Any CPU
		{30B2A33B-3483-4E4F-8BCF-0B2FA6531F60}.Debug|Any CPU.Build.0 = Debug|Any CPU
		{30B2A33B-3483-4E4F-8BCF-0B2FA6531F60}.Release|Any CPU.ActiveCfg = Release|Any CPU
		{30B2A33B-3483-4E4F-8BCF-0B2FA6531F60}.Release|Any CPU.Build.0 = Release|Any CPU
		{A008DA71-1982-49E7-8DE5-F64968E9A62C}.Debug|Any CPU.ActiveCfg = Debug|Any CPU
		{A008DA71-1982-49E7-8DE5-F64968E9A62C}.Debug|Any CPU.Build.0 = Debug|Any CPU
		{A008DA71-1982-49E7-8DE5-F64968E9A62C}.Release|Any CPU.ActiveCfg = Release|Any CPU
		{A008DA71-1982-49E7-8DE5-F64968E9A62C}.Release|Any CPU.Build.0 = Release|Any CPU
	EndGlobalSection
	GlobalSection(SolutionProperties) = preSolution
		HideSolutionNode = FALSE
	EndGlobalSection
EndGlobal
